// !$*UTF8*$!
{
	archiveVersion = 1;
	classes = {
	};
	objectVersion = 50;
	objects = {

/* Begin PBXBuildFile section */
		B6A8C34423A8BF3B00061222 /* AppDelegate.swift in Sources */ = {isa = PBXBuildFile; fileRef = B6A8C34323A8BF3B00061222 /* AppDelegate.swift */; };
		B6A8C34623A8BF3B00061222 /* art.scnassets in Resources */ = {isa = PBXBuildFile; fileRef = B6A8C34523A8BF3B00061222 /* art.scnassets */; };
		B6A8C34823A8BF3B00061222 /* ViewController.swift in Sources */ = {isa = PBXBuildFile; fileRef = B6A8C34723A8BF3B00061222 /* ViewController.swift */; };
		B6A8C34B23A8BF3B00061222 /* Main.storyboard in Resources */ = {isa = PBXBuildFile; fileRef = B6A8C34923A8BF3B00061222 /* Main.storyboard */; };
		B6A8C34D23A8BF3D00061222 /* Assets.xcassets in Resources */ = {isa = PBXBuildFile; fileRef = B6A8C34C23A8BF3D00061222 /* Assets.xcassets */; };
		B6A8C35023A8BF3D00061222 /* LaunchScreen.storyboard in Resources */ = {isa = PBXBuildFile; fileRef = B6A8C34E23A8BF3D00061222 /* LaunchScreen.storyboard */; };
/* End PBXBuildFile section */

/* Begin PBXFileReference section */
		B6A8C34023A8BF3B00061222 /* Pokemon3D.app */ = {isa = PBXFileReference; explicitFileType = wrapper.application; includeInIndex = 0; path = Pokemon3D.app; sourceTree = BUILT_PRODUCTS_DIR; };
		B6A8C34323A8BF3B00061222 /* AppDelegate.swift */ = {isa = PBXFileReference; lastKnownFileType = sourcecode.swift; path = AppDelegate.swift; sourceTree = "<group>"; };
		B6A8C34523A8BF3B00061222 /* art.scnassets */ = {isa = PBXFileReference; lastKnownFileType = wrapper.scnassets; path = art.scnassets; sourceTree = "<group>"; };
		B6A8C34723A8BF3B00061222 /* ViewController.swift */ = {isa = PBXFileReference; lastKnownFileType = sourcecode.swift; path = ViewController.swift; sourceTree = "<group>"; };
		B6A8C34A23A8BF3B00061222 /* Base */ = {isa = PBXFileReference; lastKnownFileType = file.storyboard; name = Base; path = Base.lproj/Main.storyboard; sourceTree = "<group>"; };
		B6A8C34C23A8BF3D00061222 /* Assets.xcassets */ = {isa = PBXFileReference; lastKnownFileType = folder.assetcatalog; path = Assets.xcassets; sourceTree = "<group>"; };
		B6A8C34F23A8BF3D00061222 /* Base */ = {isa = PBXFileReference; lastKnownFileType = file.storyboard; name = Base; path = Base.lproj/LaunchScreen.storyboard; sourceTree = "<group>"; };
		B6A8C35123A8BF3D00061222 /* Info.plist */ = {isa = PBXFileReference; lastKnownFileType = text.plist.xml; path = Info.plist; sourceTree = "<group>"; };
/* End PBXFileReference section */

/* Begin PBXFrameworksBuildPhase section */
		B6A8C33D23A8BF3B00061222 /* Frameworks */ = {
			isa = PBXFrameworksBuildPhase;
			buildActionMask = 2147483647;
			files = (
			);
			runOnlyForDeploymentPostprocessing = 0;
		};
/* End PBXFrameworksBuildPhase section */

/* Begin PBXGroup section */
		B6A8C33723A8BF3B00061222 = {
			isa = PBXGroup;
			children = (
				B6A8C34223A8BF3B00061222 /* Pokemon3D */,
				B6A8C34123A8BF3B00061222 /* Products */,
			);
			sourceTree = "<group>";
		};
		B6A8C34123A8BF3B00061222 /* Products */ = {
			isa = PBXGroup;
			children = (
				B6A8C34023A8BF3B00061222 /* Pokemon3D.app */,
			);
			name = Products;
			sourceTree = "<group>";
		};
		B6A8C34223A8BF3B00061222 /* Pokemon3D */ = {
			isa = PBXGroup;
			children = (
				B6A8C34323A8BF3B00061222 /* AppDelegate.swift */,
				B6A8C34523A8BF3B00061222 /* art.scnassets */,
				B6A8C34723A8BF3B00061222 /* ViewController.swift */,
				B6A8C34923A8BF3B00061222 /* Main.storyboard */,
				B6A8C34C23A8BF3D00061222 /* Assets.xcassets */,
				B6A8C34E23A8BF3D00061222 /* LaunchScreen.storyboard */,
				B6A8C35123A8BF3D00061222 /* Info.plist */,
			);
			path = Pokemon3D;
			sourceTree = "<group>";
		};
/* End PBXGroup section */

/* Begin PBXNativeTarget section */
		B6A8C33F23A8BF3B00061222 /* Pokemon3D */ = {
			isa = PBXNativeTarget;
			buildConfigurationList = B6A8C35423A8BF3D00061222 /* Build configuration list for PBXNativeTarget "Pokemon3D" */;
			buildPhases = (
				B6A8C33C23A8BF3B00061222 /* Sources */,
				B6A8C33D23A8BF3B00061222 /* Frameworks */,
				B6A8C33E23A8BF3B00061222 /* Resources */,
			);
			buildRules = (
			);
			dependencies = (
			);
			name = Pokemon3D;
			productName = Pokemon3D;
			productReference = B6A8C34023A8BF3B00061222 /* Pokemon3D.app */;
			productType = "com.apple.product-type.application";
		};
/* End PBXNativeTarget section */

/* Begin PBXProject section */
		B6A8C33823A8BF3B00061222 /* Project object */ = {
			isa = PBXProject;
			attributes = {
				LastSwiftUpdateCheck = 1120;
				LastUpgradeCheck = 1120;
				ORGANIZATIONNAME = Usman;
				TargetAttributes = {
					B6A8C33F23A8BF3B00061222 = {
						CreatedOnToolsVersion = 11.2.1;
					};
				};
			};
			buildConfigurationList = B6A8C33B23A8BF3B00061222 /* Build configuration list for PBXProject "Pokemon3D" */;
			compatibilityVersion = "Xcode 9.3";
			developmentRegion = en;
			hasScannedForEncodings = 0;
			knownRegions = (
				en,
				Base,
			);
			mainGroup = B6A8C33723A8BF3B00061222;
			productRefGroup = B6A8C34123A8BF3B00061222 /* Products */;
			projectDirPath = "";
			projectRoot = "";
			targets = (
				B6A8C33F23A8BF3B00061222 /* Pokemon3D */,
			);
		};
/* End PBXProject section */

/* Begin PBXResourcesBuildPhase section */
		B6A8C33E23A8BF3B00061222 /* Resources */ = {
			isa = PBXResourcesBuildPhase;
			buildActionMask = 2147483647;
			files = (
				B6A8C34623A8BF3B00061222 /* art.scnassets in Resources */,
				B6A8C35023A8BF3D00061222 /* LaunchScreen.storyboard in Resources */,
				B6A8C34D23A8BF3D00061222 /* Assets.xcassets in Resources */,
				B6A8C34B23A8BF3B00061222 /* Main.storyboard in Resources */,
			);
			runOnlyForDeploymentPostprocessing = 0;
		};
/* End PBXResourcesBuildPhase section */

/* Begin PBXSourcesBuildPhase section */
		B6A8C33C23A8BF3B00061222 /* Sources */ = {
			isa = PBXSourcesBuildPhase;
			buildActionMask = 2147483647;
			files = (
				B6A8C34823A8BF3B00061222 /* ViewController.swift in Sources */,
				B6A8C34423A8BF3B00061222 /* AppDelegate.swift in Sources */,
			);
			runOnlyForDeploymentPostprocessing = 0;
		};
/* End PBXSourcesBuildPhase section */

/* Begin PBXVariantGroup section */
		B6A8C34923A8BF3B00061222 /* Main.storyboard */ = {
			isa = PBXVariantGroup;
			children = (
				B6A8C34A23A8BF3B00061222 /* Base */,
			);
			name = Main.storyboard;
			sourceTree = "<group>";
		};
		B6A8C34E23A8BF3D00061222 /* LaunchScreen.storyboard */ = {
			isa = PBXVariantGroup;
			children = (
				B6A8C34F23A8BF3D00061222 /* Base */,
			);
			name = LaunchScreen.storyboard;
			sourceTree = "<group>";
		};
/* End PBXVariantGroup section */

/* Begin XCBuildConfiguration section */
		B6A8C35223A8BF3D00061222 /* Debug */ = {
			isa = XCBuildConfiguration;
			buildSettings = {
				ALWAYS_SEARCH_USER_PATHS = NO;
				CLANG_ANALYZER_NONNULL = YES;
				CLANG_ANALYZER_NUMBER_OBJECT_CONVERSION = YES_AGGRESSIVE;
				CLANG_CXX_LANGUAGE_STANDARD = "gnu++14";
				CLANG_CXX_LIBRARY = "libc++";
				CLANG_ENABLE_MODULES = YES;
				CLANG_ENABLE_OBJC_ARC = YES;
				CLANG_ENABLE_OBJC_WEAK = YES;
				CLANG_WARN_BLOCK_CAPTURE_AUTORELEASING = YES;
				CLANG_WARN_BOOL_CONVERSION = YES;
				CLANG_WARN_COMMA = YES;
				CLANG_WARN_CONSTANT_CONVERSION = YES;
				CLANG_WARN_DEPRECATED_OBJC_IMPLEMENTATIONS = YES;
				CLANG_WARN_DIRECT_OBJC_ISA_USAGE = YES_ERROR;
				CLANG_WARN_DOCUMENTATION_COMMENTS = YES;
				CLANG_WARN_EMPTY_BODY = YES;
				CLANG_WARN_ENUM_CONVERSION = YES;
				CLANG_WARN_INFINITE_RECURSION = YES;
				CLANG_WARN_INT_CONVERSION = YES;
				CLANG_WARN_NON_LITERAL_NULL_CONVERSION = YES;
				CLANG_WARN_OBJC_IMPLICIT_RETAIN_SELF = YES;
				CLANG_WARN_OBJC_LITERAL_CONVERSION = YES;
				CLANG_WARN_OBJC_ROOT_CLASS = YES_ERROR;
				CLANG_WARN_RANGE_LOOP_ANALYSIS = YES;
				CLANG_WARN_STRICT_PROTOTYPES = YES;
				CLANG_WARN_SUSPICIOUS_MOVE = YES;
				CLANG_WARN_UNGUARDED_AVAILABILITY = YES_AGGRESSIVE;
				CLANG_WARN_UNREACHABLE_CODE = YES;
				CLANG_WARN__DUPLICATE_METHOD_MATCH = YES;
				COPY_PHASE_STRIP = NO;
				DEBUG_INFORMATION_FORMAT = dwarf;
				ENABLE_STRICT_OBJC_MSGSEND = YES;
				ENABLE_TESTABILITY = YES;
				GCC_C_LANGUAGE_STANDARD = gnu11;
				GCC_DYNAMIC_NO_PIC = NO;
				GCC_NO_COMMON_BLOCKS = YES;
				GCC_OPTIMIZATION_LEVEL = 0;
				GCC_PREPROCESSOR_DEFINITIONS = (
					"DEBUG=1",
					"$(inherited)",
				);
				GCC_WARN_64_TO_32_BIT_CONVERSION = YES;
				GCC_WARN_ABOUT_RETURN_TYPE = YES_ERROR;
				GCC_WARN_UNDECLARED_SELECTOR = YES;
				GCC_WARN_UNINITIALIZED_AUTOS = YES_AGGRESSIVE;
				GCC_WARN_UNUSED_FUNCTION = YES;
				GCC_WARN_UNUSED_VARIABLE = YES;
				IPHONEOS_DEPLOYMENT_TARGET = 13.2;
				MTL_ENABLE_DEBUG_INFO = INCLUDE_SOURCE;
				MTL_FAST_MATH = YES;
				ONLY_ACTIVE_ARCH = YES;
				SDKROOT = iphoneos;
				SWIFT_ACTIVE_COMPILATION_CONDITIONS = DEBUG;
				SWIFT_OPTIMIZATION_LEVEL = "-Onone";
			};
			name = Debug;
		};
		B6A8C35323A8BF3D00061222 /* Release */ = {
			isa = XCBuildConfiguration;
			buildSettings = {
				ALWAYS_SEARCH_USER_PATHS = NO;
				CLANG_ANALYZER_NONNULL = YES;
				CLANG_ANALYZER_NUMBER_OBJECT_CONVERSION = YES_AGGRESSIVE;
				CLANG_CXX_LANGUAGE_STANDARD = "gnu++14";
				CLANG_CXX_LIBRARY = "libc++";
				CLANG_ENABLE_MODULES = YES;
				CLANG_ENABLE_OBJC_ARC = YES;
				CLANG_ENABLE_OBJC_WEAK = YES;
				CLANG_WARN_BLOCK_CAPTURE_AUTORELEASING = YES;
				CLANG_WARN_BOOL_CONVERSION = YES;
				CLANG_WARN_COMMA = YES;
				CLANG_WARN_CONSTANT_CONVERSION = YES;
				CLANG_WARN_DEPRECATED_OBJC_IMPLEMENTATIONS = YES;
				CLANG_WARN_DIRECT_OBJC_ISA_USAGE = YES_ERROR;
				CLANG_WARN_DOCUMENTATION_COMMENTS = YES;
				CLANG_WARN_EMPTY_BODY = YES;
				CLANG_WARN_ENUM_CONVERSION = YES;
				CLANG_WARN_INFINITE_RECURSION = YES;
				CLANG_WARN_INT_CONVERSION = YES;
				CLANG_WARN_NON_LITERAL_NULL_CONVERSION = YES;
				CLANG_WARN_OBJC_IMPLICIT_RETAIN_SELF = YES;
				CLANG_WARN_OBJC_LITERAL_CONVERSION = YES;
				CLANG_WARN_OBJC_ROOT_CLASS = YES_ERROR;
				CLANG_WARN_RANGE_LOOP_ANALYSIS = YES;
				CLANG_WARN_STRICT_PROTOTYPES = YES;
				CLANG_WARN_SUSPICIOUS_MOVE = YES;
				CLANG_WARN_UNGUARDED_AVAILABILITY = YES_AGGRESSIVE;
				CLANG_WARN_UNREACHABLE_CODE = YES;
				CLANG_WARN__DUPLICATE_METHOD_MATCH = YES;
				COPY_PHASE_STRIP = NO;
				DEBUG_INFORMATION_FORMAT = "dwarf-with-dsym";
				ENABLE_NS_ASSERTIONS = NO;
				ENABLE_STRICT_OBJC_MSGSEND = YES;
				GCC_C_LANGUAGE_STANDARD = gnu11;
				GCC_NO_COMMON_BLOCKS = YES;
				GCC_WARN_64_TO_32_BIT_CONVERSION = YES;
				GCC_WARN_ABOUT_RETURN_TYPE = YES_ERROR;
				GCC_WARN_UNDECLARED_SELECTOR = YES;
				GCC_WARN_UNINITIALIZED_AUTOS = YES_AGGRESSIVE;
				GCC_WARN_UNUSED_FUNCTION = YES;
				GCC_WARN_UNUSED_VARIABLE = YES;
				IPHONEOS_DEPLOYMENT_TARGET = 13.2;
				MTL_ENABLE_DEBUG_INFO = NO;
				MTL_FAST_MATH = YES;
				SDKROOT = iphoneos;
				SWIFT_COMPILATION_MODE = wholemodule;
				SWIFT_OPTIMIZATION_LEVEL = "-O";
				VALIDATE_PRODUCT = YES;
			};
			name = Release;
		};
		B6A8C35523A8BF3D00061222 /* Debug */ = {
			isa = XCBuildConfiguration;
			buildSettings = {
				ASSETCATALOG_COMPILER_APPICON_NAME = AppIcon;
				CODE_SIGN_STYLE = Automatic;
				DEVELOPMENT_TEAM = YF3LPP4P9P;
				INFOPLIST_FILE = Pokemon3D/Info.plist;
				LD_RUNPATH_SEARCH_PATHS = (
					"$(inherited)",
					"@executable_path/Frameworks",
				);
				PRODUCT_BUNDLE_IDENTIFIER = COM.usman.Pokemon3D;
				PRODUCT_NAME = "$(TARGET_NAME)";
				SWIFT_VERSION = 5.0;
				TARGETED_DEVICE_FAMILY = "1,2";
			};
			name = Debug;
		};
		B6A8C35623A8BF3D00061222 /* Release */ = {
			isa = XCBuildConfiguration;
			buildSettings = {
				ASSETCATALOG_COMPILER_APPICON_NAME = AppIcon;
				CODE_SIGN_STYLE = Automatic;
				DEVELOPMENT_TEAM = YF3LPP4P9P;
				INFOPLIST_FILE = Pokemon3D/Info.plist;
				LD_RUNPATH_SEARCH_PATHS = (
					"$(inherited)",
					"@executable_path/Frameworks",
				);
				PRODUCT_BUNDLE_IDENTIFIER = COM.usman.Pokemon3D;
				PRODUCT_NAME = "$(TARGET_NAME)";
				SWIFT_VERSION = 5.0;
				TARGETED_DEVICE_FAMILY = "1,2";
			};
			name = Release;
		};
/* End XCBuildConfiguration section */

/* Begin XCConfigurationList section */
		B6A8C33B23A8BF3B00061222 /* Build configuration list for PBXProject "Pokemon3D" */ = {
			isa = XCConfigurationList;
			buildConfigurations = (
				B6A8C35223A8BF3D00061222 /* Debug */,
				B6A8C35323A8BF3D00061222 /* Release */,
			);
			defaultConfigurationIsVisible = 0;
			defaultConfigurationName = Release;
		};
		B6A8C35423A8BF3D00061222 /* Build configuration list for PBXNativeTarget "Pokemon3D" */ = {
			isa = XCConfigurationList;
			buildConfigurations = (
				B6A8C35523A8BF3D00061222 /* Debug */,
				B6A8C35623A8BF3D00061222 /* Release */,
			);
			defaultConfigurationIsVisible = 0;
			defaultConfigurationName = Release;
		};
/* End XCConfigurationList section */
	};
	rootObject = B6A8C33823A8BF3B00061222 /* Project object */;
}
